PODS:
  - AFNetworking (4.0.1):
    - AFNetworking/NSURLSession (= 4.0.1)
    - AFNetworking/Reachability (= 4.0.1)
    - AFNetworking/Security (= 4.0.1)
    - AFNetworking/Serialization (= 4.0.1)
    - AFNetworking/UIKit (= 4.0.1)
  - AFNetworking/NSURLSession (4.0.1):
    - AFNetworking/Reachability
    - AFNetworking/Security
    - AFNetworking/Serialization
  - AFNetworking/Reachability (4.0.1)
  - AFNetworking/Security (4.0.1)
  - AFNetworking/Serialization (4.0.1)
  - AFNetworking/UIKit (4.0.1):
    - AFNetworking/NSURLSession
  - Masonry (1.1.0)
  - MBProgressHUD (1.2.0)
  - MJRefresh (3.4.3)
  - pop (1.0.12)
  - SDWebImage (5.8.2):
    - SDWebImage/Core (= 5.8.2)
  - SDWebImage/Core (5.8.2)
  - SocketRocket (0.5.1)
  - Toast (4.0.0)

DEPENDENCIES:
  - AFNetworking
  - Masonry
  - MBProgressHUD
  - MJRefresh
  - pop
  - SDWebImage
  - SocketRocket
  - Toast

SPEC REPOS:
  trunk:
    - AFNetworking
    - Masonry
    - MBProgressHUD
    - MJRefresh
    - pop
    - SDWebImage
    - SocketRocket
    - Toast

SPEC CHECKSUMS:
  AFNetworking: 7864c38297c79aaca1500c33288e429c3451fdce
  Masonry: 678fab65091a9290e40e2832a55e7ab731aad201
  MBProgressHUD: 3ee5efcc380f6a79a7cc9b363dd669c5e1ae7406
  MJRefresh: 53e3e3219f204425ee6d3e62e8733d3295944cd6
  pop: d582054913807fd11fd50bfe6a539d91c7e1a55a
  SDWebImage: f923a89d7344af399ba77b87a523ae747408207a
  SocketRocket: d57c7159b83c3c6655745cd15302aa24b6bae531
  Toast: 91b396c56ee72a5790816f40d3a94dd357abc196

PODFILE CHECKSUM: 7c48ca9d828a1b4cd1a91fa16c04cd2b9f752cde

COCOAPODS: 1.9.3
